
Microsoft Visual Studio Solution File, Format Version 12.00
# Visual Studio Version 16
VisualStudioVersion = 16.0.30320.27
MinimumVisualStudioVersion = 10.0.40219.1
Project("{FAE04EC0-301F-11D3-BF4B-00C04F79EFBC}") = "Postfix", "Postfix\Postfix.csproj", "{16DBEE39-C707-443B-9098-A6D22609EFAF}"
EndProject
Global
	GlobalSection(SolutionConfigurationPlatforms) = preSolution
		Debug|Any CPU = Debug|Any CPU
		Release|Any CPU = Release|Any CPU
	EndGlobalSection
	GlobalSection(ProjectConfigurationPlatforms) = postSolution
		{16DBEE39-C707-443B-9098-A6D22609EFAF}.Debug|Any CPU.ActiveCfg = Debug|Any CPU
		{16DBEE39-C707-443B-9098-A6D22609EFAF}.Debug|Any CPU.Build.0 = Debug|Any CPU
		{16DBEE39-C707-443B-9098-A6D22609EFAF}.Release|Any CPU.ActiveCfg = Release|Any CPU
		{16DBEE39-C707-443B-9098-A6D22609EFAF}.Release|Any CPU.Build.0 = Release|Any CPU
	EndGlobalSection
	GlobalSection(SolutionProperties) = preSolution
		HideSolutionNode = FALSE
	EndGlobalSection
	GlobalSection(ExtensibilityGlobals) = postSolution
		SolutionGuid = {54A9EDC0-8DF1-453A-A4E9-654E7B914B57}
	EndGlobalSection
EndGlobal
